
Microsoft Visual Studio Solution File, Format Version 12.00
# Visual Studio Version 17
VisualStudioVersion = 17.6.33723.286
MinimumVisualStudioVersion = 10.0.40219.1
Project("{9A19103F-16F7-4668-BE54-9A1E7A4F7556}") = "SlowUdpPipe.Common", "SlowUdpPipe.Common\SlowUdpPipe.Common.csproj", "{551D6B5C-BE66-4784-82FF-B622B50B753E}"
EndProject
Project("{9A19103F-16F7-4668-BE54-9A1E7A4F7556}") = "SlowUdpPipe.MauiClient", "SlowUdpPipe.MauiClient\SlowUdpPipe.MauiClient.csproj", "{A5491AFB-C1D5-4F33-8029-2DF0A2E880B3}"
EndProject
Project("{9A19103F-16F7-4668-BE54-9A1E7A4F7556}") = "SlowUdpPipe.Client", "SlowUdpPipe.Client\SlowUdpPipe.Client.csproj", "{F33D0EC8-E5E2-4310-81A2-BD97A16C37FC}"
EndProject
Project("{9A19103F-16F7-4668-BE54-9A1E7A4F7556}") = "SlowUdpPipe.Server", "SlowUdpPipe.Server\SlowUdpPipe.Server.csproj", "{C50B17A7-D9AE-4772-A89A-DDB9DD212B24}"
EndProject
Global
	GlobalSection(SolutionConfigurationPlatforms) = preSolution
		Debug|Any CPU = Debug|Any CPU
		Release|Any CPU = Release|Any CPU
	EndGlobalSection
	GlobalSection(ProjectConfigurationPlatforms) = postSolution
		{551D6B5C-BE66-4784-82FF-B622B50B753E}.Debug|Any CPU.ActiveCfg = Debug|Any CPU
		{551D6B5C-BE66-4784-82FF-B622B50B753E}.Debug|Any CPU.Build.0 = Debug|Any CPU
		{551D6B5C-BE66-4784-82FF-B622B50B753E}.Release|Any CPU.ActiveCfg = Release|Any CPU
		{551D6B5C-BE66-4784-82FF-B622B50B753E}.Release|Any CPU.Build.0 = Release|Any CPU
		{A5491AFB-C1D5-4F33-8029-2DF0A2E880B3}.Debug|Any CPU.ActiveCfg = Debug|Any CPU
		{A5491AFB-C1D5-4F33-8029-2DF0A2E880B3}.Debug|Any CPU.Build.0 = Debug|Any CPU
		{A5491AFB-C1D5-4F33-8029-2DF0A2E880B3}.Debug|Any CPU.Deploy.0 = Debug|Any CPU
		{A5491AFB-C1D5-4F33-8029-2DF0A2E880B3}.Release|Any CPU.ActiveCfg = Release|Any CPU
		{A5491AFB-C1D5-4F33-8029-2DF0A2E880B3}.Release|Any CPU.Build.0 = Release|Any CPU
		{A5491AFB-C1D5-4F33-8029-2DF0A2E880B3}.Release|Any CPU.Deploy.0 = Release|Any CPU
		{F33D0EC8-E5E2-4310-81A2-BD97A16C37FC}.Debug|Any CPU.ActiveCfg = Debug|Any CPU
		{F33D0EC8-E5E2-4310-81A2-BD97A16C37FC}.Debug|Any CPU.Build.0 = Debug|Any CPU
		{F33D0EC8-E5E2-4310-81A2-BD97A16C37FC}.Release|Any CPU.ActiveCfg = Release|Any CPU
		{F33D0EC8-E5E2-4310-81A2-BD97A16C37FC}.Release|Any CPU.Build.0 = Release|Any CPU
		{C50B17A7-D9AE-4772-A89A-DDB9DD212B24}.Debug|Any CPU.ActiveCfg = Debug|Any CPU
		{C50B17A7-D9AE-4772-A89A-DDB9DD212B24}.Debug|Any CPU.Build.0 = Debug|Any CPU
		{C50B17A7-D9AE-4772-A89A-DDB9DD212B24}.Release|Any CPU.ActiveCfg = Release|Any CPU
		{C50B17A7-D9AE-4772-A89A-DDB9DD212B24}.Release|Any CPU.Build.0 = Release|Any CPU
	EndGlobalSection
	GlobalSection(SolutionProperties) = preSolution
		HideSolutionNode = FALSE
	EndGlobalSection
	GlobalSection(ExtensibilityGlobals) = postSolution
		SolutionGuid = {E97A654F-56AD-4699-9FC4-DFA693D29D48}
	EndGlobalSection
EndGlobal
